// !$*UTF8*$!
{
	archiveVersion = 1;
	classes = {
	};
	objectVersion = 56;
	objects = {

/* Begin PBXBuildFile section */
		3DC7079C2B703D9D00948349 /* AppDelegate.swift in Sources */ = {isa = PBXBuildFile; fileRef = 3DC7079B2B703D9D00948349 /* AppDelegate.swift */; };
		3DC7079E2B703D9D00948349 /* SceneDelegate.swift in Sources */ = {isa = PBXBuildFile; fileRef = 3DC7079D2B703D9D00948349 /* SceneDelegate.swift */; };
		3DC707A02B703D9D00948349 /* ViewController.swift in Sources */ = {isa = PBXBuildFile; fileRef = 3DC7079F2B703D9D00948349 /* ViewController.swift */; };
		3DC707A32B703D9D00948349 /* Main.storyboard in Resources */ = {isa = PBXBuildFile; fileRef = 3DC707A12B703D9D00948349 /* Main.storyboard */; };
		3DC707A52B703D9F00948349 /* Assets.xcassets in Resources */ = {isa = PBXBuildFile; fileRef = 3DC707A42B703D9F00948349 /* Assets.xcassets */; };
		3DC707A82B703D9F00948349 /* LaunchScreen.storyboard in Resources */ = {isa = PBXBuildFile; fileRef = 3DC707A62B703D9F00948349 /* LaunchScreen.storyboard */; };
		3DC707B32B703D9F00948349 /* IOS101_PreworkTests.swift in Sources */ = {isa = PBXBuildFile; fileRef = 3DC707B22B703D9F00948349 /* IOS101_PreworkTests.swift */; };
		3DC707BD2B703D9F00948349 /* IOS101_PreworkUITests.swift in Sources */ = {isa = PBXBuildFile; fileRef = 3DC707BC2B703D9F00948349 /* IOS101_PreworkUITests.swift */; };
		3DC707BF2B703D9F00948349 /* IOS101_PreworkUITestsLaunchTests.swift in Sources */ = {isa = PBXBuildFile; fileRef = 3DC707BE2B703D9F00948349 /* IOS101_PreworkUITestsLaunchTests.swift */; };
/* End PBXBuildFile section */

/* Begin PBXContainerItemProxy section */
		3DC707AF2B703D9F00948349 /* PBXContainerItemProxy */ = {
			isa = PBXContainerItemProxy;
			containerPortal = 3DC707902B703D9D00948349 /* Project object */;
			proxyType = 1;
			remoteGlobalIDString = 3DC707972B703D9D00948349;
			remoteInfo = "IOS101-Prework";
		};
		3DC707B92B703D9F00948349 /* PBXContainerItemProxy */ = {
			isa = PBXContainerItemProxy;
			containerPortal = 3DC707902B703D9D00948349 /* Project object */;
			proxyType = 1;
			remoteGlobalIDString = 3DC707972B703D9D00948349;
			remoteInfo = "IOS101-Prework";
		};
/* End PBXContainerItemProxy section */

/* Begin PBXFileReference section */
		3DC707982B703D9D00948349 /* IOS101-Prework.app */ = {isa = PBXFileReference; explicitFileType = wrapper.application; includeInIndex = 0; path = "IOS101-Prework.app"; sourceTree = BUILT_PRODUCTS_DIR; };
		3DC7079B2B703D9D00948349 /* AppDelegate.swift */ = {isa = PBXFileReference; lastKnownFileType = sourcecode.swift; path = AppDelegate.swift; sourceTree = "<group>"; };
		3DC7079D2B703D9D00948349 /* SceneDelegate.swift */ = {isa = PBXFileReference; lastKnownFileType = sourcecode.swift; path = SceneDelegate.swift; sourceTree = "<group>"; };
		3DC7079F2B703D9D00948349 /* ViewController.swift */ = {isa = PBXFileReference; lastKnownFileType = sourcecode.swift; path = ViewController.swift; sourceTree = "<group>"; };
		3DC707A22B703D9D00948349 /* Base */ = {isa = PBXFileReference; lastKnownFileType = file.storyboard; name = Base; path = Base.lproj/Main.storyboard; sourceTree = "<group>"; };
		3DC707A42B703D9F00948349 /* Assets.xcassets */ = {isa = PBXFileReference; lastKnownFileType = folder.assetcatalog; path = Assets.xcassets; sourceTree = "<group>"; };
		3DC707A72B703D9F00948349 /* Base */ = {isa = PBXFileReference; lastKnownFileType = file.storyboard; name = Base; path = Base.lproj/LaunchScreen.storyboard; sourceTree = "<group>"; };
		3DC707A92B703D9F00948349 /* Info.plist */ = {isa = PBXFileReference; lastKnownFileType = text.plist.xml; path = Info.plist; sourceTree = "<group>"; };
		3DC707AE2B703D9F00948349 /* IOS101-PreworkTests.xctest */ = {isa = PBXFileReference; explicitFileType = wrapper.cfbundle; includeInIndex = 0; path = "IOS101-PreworkTests.xctest"; sourceTree = BUILT_PRODUCTS_DIR; };
		3DC707B22B703D9F00948349 /* IOS101_PreworkTests.swift */ = {isa = PBXFileReference; lastKnownFileType = sourcecode.swift; path = IOS101_PreworkTests.swift; sourceTree = "<group>"; };
		3DC707B82B703D9F00948349 /* IOS101-PreworkUITests.xctest */ = {isa = PBXFileReference; explicitFileType = wrapper.cfbundle; includeInIndex = 0; path = "IOS101-PreworkUITests.xctest"; sourceTree = BUILT_PRODUCTS_DIR; };
		3DC707BC2B703D9F00948349 /* IOS101_PreworkUITests.swift */ = {isa = PBXFileReference; lastKnownFileType = sourcecode.swift; path = IOS101_PreworkUITests.swift; sourceTree = "<group>"; };
		3DC707BE2B703D9F00948349 /* IOS101_PreworkUITestsLaunchTests.swift */ = {isa = PBXFileReference; lastKnownFileType = sourcecode.swift; path = IOS101_PreworkUITestsLaunchTests.swift; sourceTree = "<group>"; };
/* End PBXFileReference section */

/* Begin PBXFrameworksBuildPhase section */
		3DC707952B703D9D00948349 /* Frameworks */ = {
			isa = PBXFrameworksBuildPhase;
			buildActionMask = 2147483647;
			files = (
			);
			runOnlyForDeploymentPostprocessing = 0;
		};
		3DC707AB2B703D9F00948349 /* Frameworks */ = {
			isa = PBXFrameworksBuildPhase;
			buildActionMask = 2147483647;
			files = (
			);
			runOnlyForDeploymentPostprocessing = 0;
		};
		3DC707B52B703D9F00948349 /* Frameworks */ = {
			isa = PBXFrameworksBuildPhase;
			buildActionMask = 2147483647;
			files = (
			);
			runOnlyForDeploymentPostprocessing = 0;
		};
/* End PBXFrameworksBuildPhase section */

/* Begin PBXGroup section */
		3DC7078F2B703D9D00948349 = {
			isa = PBXGroup;
			children = (
				3DC7079A2B703D9D00948349 /* IOS101-Prework */,
				3DC707B12B703D9F00948349 /* IOS101-PreworkTests */,
				3DC707BB2B703D9F00948349 /* IOS101-PreworkUITests */,
				3DC707992B703D9D00948349 /* Products */,
			);
			sourceTree = "<group>";
		};
		3DC707992B703D9D00948349 /* Products */ = {
			isa = PBXGroup;
			children = (
				3DC707982B703D9D00948349 /* IOS101-Prework.app */,
				3DC707AE2B703D9F00948349 /* IOS101-PreworkTests.xctest */,
				3DC707B82B703D9F00948349 /* IOS101-PreworkUITests.xctest */,
			);
			name = Products;
			sourceTree = "<group>";
		};
		3DC7079A2B703D9D00948349 /* IOS101-Prework */ = {
			isa = PBXGroup;
			children = (
				3DC7079B2B703D9D00948349 /* AppDelegate.swift */,
				3DC7079D2B703D9D00948349 /* SceneDelegate.swift */,
				3DC7079F2B703D9D00948349 /* ViewController.swift */,
				3DC707A12B703D9D00948349 /* Main.storyboard */,
				3DC707A42B703D9F00948349 /* Assets.xcassets */,
				3DC707A62B703D9F00948349 /* LaunchScreen.storyboard */,
				3DC707A92B703D9F00948349 /* Info.plist */,
			);
			path = "IOS101-Prework";
			sourceTree = "<group>";
		};
		3DC707B12B703D9F00948349 /* IOS101-PreworkTests */ = {
			isa = PBXGroup;
			children = (
				3DC707B22B703D9F00948349 /* IOS101_PreworkTests.swift */,
			);
			path = "IOS101-PreworkTests";
			sourceTree = "<group>";
		};
		3DC707BB2B703D9F00948349 /* IOS101-PreworkUITests */ = {
			isa = PBXGroup;
			children = (
				3DC707BC2B703D9F00948349 /* IOS101_PreworkUITests.swift */,
				3DC707BE2B703D9F00948349 /* IOS101_PreworkUITestsLaunchTests.swift */,
			);
			path = "IOS101-PreworkUITests";
			sourceTree = "<group>";
		};
/* End PBXGroup section */

/* Begin PBXNativeTarget section */
		3DC707972B703D9D00948349 /* IOS101-Prework */ = {
			isa = PBXNativeTarget;
			buildConfigurationList = 3DC707C22B703D9F00948349 /* Build configuration list for PBXNativeTarget "IOS101-Prework" */;
			buildPhases = (
				3DC707942B703D9D00948349 /* Sources */,
				3DC707952B703D9D00948349 /* Frameworks */,
				3DC707962B703D9D00948349 /* Resources */,
			);
			buildRules = (
			);
			dependencies = (
			);
			name = "IOS101-Prework";
			productName = "IOS101-Prework";
			productReference = 3DC707982B703D9D00948349 /* IOS101-Prework.app */;
			productType = "com.apple.product-type.application";
		};
		3DC707AD2B703D9F00948349 /* IOS101-PreworkTests */ = {
			isa = PBXNativeTarget;
			buildConfigurationList = 3DC707C52B703D9F00948349 /* Build configuration list for PBXNativeTarget "IOS101-PreworkTests" */;
			buildPhases = (
				3DC707AA2B703D9F00948349 /* Sources */,
				3DC707AB2B703D9F00948349 /* Frameworks */,
				3DC707AC2B703D9F00948349 /* Resources */,
			);
			buildRules = (
			);
			dependencies = (
				3DC707B02B703D9F00948349 /* PBXTargetDependency */,
			);
			name = "IOS101-PreworkTests";
			productName = "IOS101-PreworkTests";
			productReference = 3DC707AE2B703D9F00948349 /* IOS101-PreworkTests.xctest */;
			productType = "com.apple.product-type.bundle.unit-test";
		};
		3DC707B72B703D9F00948349 /* IOS101-PreworkUITests */ = {
			isa = PBXNativeTarget;
			buildConfigurationList = 3DC707C82B703D9F00948349 /* Build configuration list for PBXNativeTarget "IOS101-PreworkUITests" */;
			buildPhases = (
				3DC707B42B703D9F00948349 /* Sources */,
				3DC707B52B703D9F00948349 /* Frameworks */,
				3DC707B62B703D9F00948349 /* Resources */,
			);
			buildRules = (
			);
			dependencies = (
				3DC707BA2B703D9F00948349 /* PBXTargetDependency */,
			);
			name = "IOS101-PreworkUITests";
			productName = "IOS101-PreworkUITests";
			productReference = 3DC707B82B703D9F00948349 /* IOS101-PreworkUITests.xctest */;
			productType = "com.apple.product-type.bundle.ui-testing";
		};
/* End PBXNativeTarget section */

/* Begin PBXProject section */
		3DC707902B703D9D00948349 /* Project object */ = {
			isa = PBXProject;
			attributes = {
				BuildIndependentTargetsInParallel = 1;
				LastSwiftUpdateCheck = 1520;
				LastUpgradeCheck = 1520;
				TargetAttributes = {
					3DC707972B703D9D00948349 = {
						CreatedOnToolsVersion = 15.2;
					};
					3DC707AD2B703D9F00948349 = {
						CreatedOnToolsVersion = 15.2;
						TestTargetID = 3DC707972B703D9D00948349;
					};
					3DC707B72B703D9F00948349 = {
						CreatedOnToolsVersion = 15.2;
						TestTargetID = 3DC707972B703D9D00948349;
					};
				};
			};
			buildConfigurationList = 3DC707932B703D9D00948349 /* Build configuration list for PBXProject "IOS101-Prework" */;
			compatibilityVersion = "Xcode 14.0";
			developmentRegion = en;
			hasScannedForEncodings = 0;
			knownRegions = (
				en,
				Base,
			);
			mainGroup = 3DC7078F2B703D9D00948349;
			productRefGroup = 3DC707992B703D9D00948349 /* Products */;
			projectDirPath = "";
			projectRoot = "";
			targets = (
				3DC707972B703D9D00948349 /* IOS101-Prework */,
				3DC707AD2B703D9F00948349 /* IOS101-PreworkTests */,
				3DC707B72B703D9F00948349 /* IOS101-PreworkUITests */,
			);
		};
/* End PBXProject section */

/* Begin PBXResourcesBuildPhase section */
		3DC707962B703D9D00948349 /* Resources */ = {
			isa = PBXResourcesBuildPhase;
			buildActionMask = 2147483647;
			files = (
				3DC707A82B703D9F00948349 /* LaunchScreen.storyboard in Resources */,
				3DC707A52B703D9F00948349 /* Assets.xcassets in Resources */,
				3DC707A32B703D9D00948349 /* Main.storyboard in Resources */,
			);
			runOnlyForDeploymentPostprocessing = 0;
		};
		3DC707AC2B703D9F00948349 /* Resources */ = {
			isa = PBXResourcesBuildPhase;
			buildActionMask = 2147483647;
			files = (
			);
			runOnlyForDeploymentPostprocessing = 0;
		};
		3DC707B62B703D9F00948349 /* Resources */ = {
			isa = PBXResourcesBuildPhase;
			buildActionMask = 2147483647;
			files = (
			);
			runOnlyForDeploymentPostprocessing = 0;
		};
/* End PBXResourcesBuildPhase section */

/* Begin PBXSourcesBuildPhase section */
		3DC707942B703D9D00948349 /* Sources */ = {
			isa = PBXSourcesBuildPhase;
			buildActionMask = 2147483647;
			files = (
				3DC707A02B703D9D00948349 /* ViewController.swift in Sources */,
				3DC7079C2B703D9D00948349 /* AppDelegate.swift in Sources */,
				3DC7079E2B703D9D00948349 /* SceneDelegate.swift in Sources */,
			);
			runOnlyForDeploymentPostprocessing = 0;
		};
		3DC707AA2B703D9F00948349 /* Sources */ = {
			isa = PBXSourcesBuildPhase;
			buildActionMask = 2147483647;
			files = (
				3DC707B32B703D9F00948349 /* IOS101_PreworkTests.swift in Sources */,
			);
			runOnlyForDeploymentPostprocessing = 0;
		};
		3DC707B42B703D9F00948349 /* Sources */ = {
			isa = PBXSourcesBuildPhase;
			buildActionMask = 2147483647;
			files = (
				3DC707BF2B703D9F00948349 /* IOS101_PreworkUITestsLaunchTests.swift in Sources */,
				3DC707BD2B703D9F00948349 /* IOS101_PreworkUITests.swift in Sources */,
			);
			runOnlyForDeploymentPostprocessing = 0;
		};
/* End PBXSourcesBuildPhase section */

/* Begin PBXTargetDependency section */
		3DC707B02B703D9F00948349 /* PBXTargetDependency */ = {
			isa = PBXTargetDependency;
			target = 3DC707972B703D9D00948349 /* IOS101-Prework */;
			targetProxy = 3DC707AF2B703D9F00948349 /* PBXContainerItemProxy */;
		};
		3DC707BA2B703D9F00948349 /* PBXTargetDependency */ = {
			isa = PBXTargetDependency;
			target = 3DC707972B703D9D00948349 /* IOS101-Prework */;
			targetProxy = 3DC707B92B703D9F00948349 /* PBXContainerItemProxy */;
		};
/* End PBXTargetDependency section */

/* Begin PBXVariantGroup section */
		3DC707A12B703D9D00948349 /* Main.storyboard */ = {
			isa = PBXVariantGroup;
			children = (
				3DC707A22B703D9D00948349 /* Base */,
			);
			name = Main.storyboard;
			sourceTree = "<group>";
		};
		3DC707A62B703D9F00948349 /* LaunchScreen.storyboard */ = {
			isa = PBXVariantGroup;
			children = (
				3DC707A72B703D9F00948349 /* Base */,
			);
			name = LaunchScreen.storyboard;
			sourceTree = "<group>";
		};
/* End PBXVariantGroup section */

/* Begin XCBuildConfiguration section */
		3DC707C02B703D9F00948349 /* Debug */ = {
			isa = XCBuildConfiguration;
			buildSettings = {
				ALWAYS_SEARCH_USER_PATHS = NO;
				ASSETCATALOG_COMPILER_GENERATE_SWIFT_ASSET_SYMBOL_EXTENSIONS = YES;
				CLANG_ANALYZER_NONNULL = YES;
				CLANG_ANALYZER_NUMBER_OBJECT_CONVERSION = YES_AGGRESSIVE;
				CLANG_CXX_LANGUAGE_STANDARD = "gnu++20";
				CLANG_ENABLE_MODULES = YES;
				CLANG_ENABLE_OBJC_ARC = YES;
				CLANG_ENABLE_OBJC_WEAK = YES;
				CLANG_WARN_BLOCK_CAPTURE_AUTORELEASING = YES;
				CLANG_WARN_BOOL_CONVERSION = YES;
				CLANG_WARN_COMMA = YES;
				CLANG_WARN_CONSTANT_CONVERSION = YES;
				CLANG_WARN_DEPRECATED_OBJC_IMPLEMENTATIONS = YES;
				CLANG_WARN_DIRECT_OBJC_ISA_USAGE = YES_ERROR;
				CLANG_WARN_DOCUMENTATION_COMMENTS = YES;
				CLANG_WARN_EMPTY_BODY = YES;
				CLANG_WARN_ENUM_CONVERSION = YES;
				CLANG_WARN_INFINITE_RECURSION = YES;
				CLANG_WARN_INT_CONVERSION = YES;
				CLANG_WARN_NON_LITERAL_NULL_CONVERSION = YES;
				CLANG_WARN_OBJC_IMPLICIT_RETAIN_SELF = YES;
				CLANG_WARN_OBJC_LITERAL_CONVERSION = YES;
				CLANG_WARN_OBJC_ROOT_CLASS = YES_ERROR;
				CLANG_WARN_QUOTED_INCLUDE_IN_FRAMEWORK_HEADER = YES;
				CLANG_WARN_RANGE_LOOP_ANALYSIS = YES;
				CLANG_WARN_STRICT_PROTOTYPES = YES;
				CLANG_WARN_SUSPICIOUS_MOVE = YES;
				CLANG_WARN_UNGUARDED_AVAILABILITY = YES_AGGRESSIVE;
				CLANG_WARN_UNREACHABLE_CODE = YES;
				CLANG_WARN__DUPLICATE_METHOD_MATCH = YES;
				COPY_PHASE_STRIP = NO;
				DEBUG_INFORMATION_FORMAT = dwarf;
				ENABLE_STRICT_OBJC_MSGSEND = YES;
				ENABLE_TESTABILITY = YES;
				ENABLE_USER_SCRIPT_SANDBOXING = YES;
				GCC_C_LANGUAGE_STANDARD = gnu17;
				GCC_DYNAMIC_NO_PIC = NO;
				GCC_NO_COMMON_BLOCKS = YES;
				GCC_OPTIMIZATION_LEVEL = 0;
				GCC_PREPROCESSOR_DEFINITIONS = (
					"DEBUG=1",
					"$(inherited)",
				);
				GCC_WARN_64_TO_32_BIT_CONVERSION = YES;
				GCC_WARN_ABOUT_RETURN_TYPE = YES_ERROR;
				GCC_WARN_UNDECLARED_SELECTOR = YES;
				GCC_WARN_UNINITIALIZED_AUTOS = YES_AGGRESSIVE;
				GCC_WARN_UNUSED_FUNCTION = YES;
				GCC_WARN_UNUSED_VARIABLE = YES;
				IPHONEOS_DEPLOYMENT_TARGET = 17.2;
				LOCALIZATION_PREFERS_STRING_CATALOGS = YES;
				MTL_ENABLE_DEBUG_INFO = INCLUDE_SOURCE;
				MTL_FAST_MATH = YES;
				ONLY_ACTIVE_ARCH = YES;
				SDKROOT = iphoneos;
				SWIFT_ACTIVE_COMPILATION_CONDITIONS = "DEBUG $(inherited)";
				SWIFT_OPTIMIZATION_LEVEL = "-Onone";
			};
			name = Debug;
		};
		3DC707C12B703D9F00948349 /* Release */ = {
			isa = XCBuildConfiguration;
			buildSettings = {
				ALWAYS_SEARCH_USER_PATHS = NO;
				ASSETCATALOG_COMPILER_GENERATE_SWIFT_ASSET_SYMBOL_EXTENSIONS = YES;
				CLANG_ANALYZER_NONNULL = YES;
				CLANG_ANALYZER_NUMBER_OBJECT_CONVERSION = YES_AGGRESSIVE;
				CLANG_CXX_LANGUAGE_STANDARD = "gnu++20";
				CLANG_ENABLE_MODULES = YES;
				CLANG_ENABLE_OBJC_ARC = YES;
				CLANG_ENABLE_OBJC_WEAK = YES;
				CLANG_WARN_BLOCK_CAPTURE_AUTORELEASING = YES;
				CLANG_WARN_BOOL_CONVERSION = YES;
				CLANG_WARN_COMMA = YES;
				CLANG_WARN_CONSTANT_CONVERSION = YES;
				CLANG_WARN_DEPRECATED_OBJC_IMPLEMENTATIONS = YES;
				CLANG_WARN_DIRECT_OBJC_ISA_USAGE = YES_ERROR;
				CLANG_WARN_DOCUMENTATION_COMMENTS = YES;
				CLANG_WARN_EMPTY_BODY = YES;
				CLANG_WARN_ENUM_CONVERSION = YES;
				CLANG_WARN_INFINITE_RECURSION = YES;
				CLANG_WARN_INT_CONVERSION = YES;
				CLANG_WARN_NON_LITERAL_NULL_CONVERSION = YES;
				CLANG_WARN_OBJC_IMPLICIT_RETAIN_SELF = YES;
				CLANG_WARN_OBJC_LITERAL_CONVERSION = YES;
				CLANG_WARN_OBJC_ROOT_CLASS = YES_ERROR;
				CLANG_WARN_QUOTED_INCLUDE_IN_FRAMEWORK_HEADER = YES;
				CLANG_WARN_RANGE_LOOP_ANALYSIS = YES;
				CLANG_WARN_STRICT_PROTOTYPES = YES;
				CLANG_WARN_SUSPICIOUS_MOVE = YES;
				CLANG_WARN_UNGUARDED_AVAILABILITY = YES_AGGRESSIVE;
				CLANG_WARN_UNREACHABLE_CODE = YES;
				CLANG_WARN__DUPLICATE_METHOD_MATCH = YES;
				COPY_PHASE_STRIP = NO;
				DEBUG_INFORMATION_FORMAT = "dwarf-with-dsym";
				ENABLE_NS_ASSERTIONS = NO;
				ENABLE_STRICT_OBJC_MSGSEND = YES;
				ENABLE_USER_SCRIPT_SANDBOXING = YES;
				GCC_C_LANGUAGE_STANDARD = gnu17;
				GCC_NO_COMMON_BLOCKS = YES;
				GCC_WARN_64_TO_32_BIT_CONVERSION = YES;
				GCC_WARN_ABOUT_RETURN_TYPE = YES_ERROR;
				GCC_WARN_UNDECLARED_SELECTOR = YES;
				GCC_WARN_UNINITIALIZED_AUTOS = YES_AGGRESSIVE;
				GCC_WARN_UNUSED_FUNCTION = YES;
				GCC_WARN_UNUSED_VARIABLE = YES;
				IPHONEOS_DEPLOYMENT_TARGET = 17.2;
				LOCALIZATION_PREFERS_STRING_CATALOGS = YES;
				MTL_ENABLE_DEBUG_INFO = NO;
				MTL_FAST_MATH = YES;
				SDKROOT = iphoneos;
				SWIFT_COMPILATION_MODE = wholemodule;
				VALIDATE_PRODUCT = YES;
			};
			name = Release;
		};
		3DC707C32B703D9F00948349 /* Debug */ = {
			isa = XCBuildConfiguration;
			buildSettings = {
				ASSETCATALOG_COMPILER_APPICON_NAME = AppIcon;
				ASSETCATALOG_COMPILER_GLOBAL_ACCENT_COLOR_NAME = AccentColor;
				CODE_SIGN_STYLE = Automatic;
				CURRENT_PROJECT_VERSION = 1;
				DEVELOPMENT_TEAM = 4ZS839VYX9;
				GENERATE_INFOPLIST_FILE = YES;
				INFOPLIST_FILE = "IOS101-Prework/Info.plist";
				INFOPLIST_KEY_UIApplicationSupportsIndirectInputEvents = YES;
				INFOPLIST_KEY_UILaunchStoryboardName = LaunchScreen;
				INFOPLIST_KEY_UIMainStoryboardFile = Main;
				INFOPLIST_KEY_UISupportedInterfaceOrientations_iPad = "UIInterfaceOrientationPortrait UIInterfaceOrientationPortraitUpsideDown UIInterfaceOrientationLandscapeLeft UIInterfaceOrientationLandscapeRight";
				INFOPLIST_KEY_UISupportedInterfaceOrientations_iPhone = "UIInterfaceOrientationPortrait UIInterfaceOrientationLandscapeLeft UIInterfaceOrientationLandscapeRight";
				LD_RUNPATH_SEARCH_PATHS = (
					"$(inherited)",
					"@executable_path/Frameworks",
				);
				MARKETING_VERSION = 1.0;
				PRODUCT_BUNDLE_IDENTIFIER = "NitishChawla.IOS101-Prework";
				PRODUCT_NAME = "$(TARGET_NAME)";
				SWIFT_EMIT_LOC_STRINGS = YES;
				SWIFT_VERSION = 5.0;
				TARGETED_DEVICE_FAMILY = "1,2";
			};
			name = Debug;
		};
		3DC707C42B703D9F00948349 /* Release */ = {
			isa = XCBuildConfiguration;
			buildSettings = {
				ASSETCATALOG_COMPILER_APPICON_NAME = AppIcon;
				ASSETCATALOG_COMPILER_GLOBAL_ACCENT_COLOR_NAME = AccentColor;
				CODE_SIGN_STYLE = Automatic;
				CURRENT_PROJECT_VERSION = 1;
				DEVELOPMENT_TEAM = 4ZS839VYX9;
				GENERATE_INFOPLIST_FILE = YES;
				INFOPLIST_FILE = "IOS101-Prework/Info.plist";
				INFOPLIST_KEY_UIApplicationSupportsIndirectInputEvents = YES;
				INFOPLIST_KEY_UILaunchStoryboardName = LaunchScreen;
				INFOPLIST_KEY_UIMainStoryboardFile = Main;
				INFOPLIST_KEY_UISupportedInterfaceOrientations_iPad = "UIInterfaceOrientationPortrait UIInterfaceOrientationPortraitUpsideDown UIInterfaceOrientationLandscapeLeft UIInterfaceOrientationLandscapeRight";
				INFOPLIST_KEY_UISupportedInterfaceOrientations_iPhone = "UIInterfaceOrientationPortrait UIInterfaceOrientationLandscapeLeft UIInterfaceOrientationLandscapeRight";
				LD_RUNPATH_SEARCH_PATHS = (
					"$(inherited)",
					"@executable_path/Frameworks",
				);
				MARKETING_VERSION = 1.0;
				PRODUCT_BUNDLE_IDENTIFIER = "NitishChawla.IOS101-Prework";
				PRODUCT_NAME = "$(TARGET_NAME)";
				SWIFT_EMIT_LOC_STRINGS = YES;
				SWIFT_VERSION = 5.0;
				TARGETED_DEVICE_FAMILY = "1,2";
			};
			name = Release;
		};
		3DC707C62B703D9F00948349 /* Debug */ = {
			isa = XCBuildConfiguration;
			buildSettings = {
				ALWAYS_EMBED_SWIFT_STANDARD_LIBRARIES = YES;
				BUNDLE_LOADER = "$(TEST_HOST)";
				CODE_SIGN_STYLE = Automatic;
				CURRENT_PROJECT_VERSION = 1;
				DEVELOPMENT_TEAM = 4ZS839VYX9;
				GENERATE_INFOPLIST_FILE = YES;
				IPHONEOS_DEPLOYMENT_TARGET = 17.2;
				MARKETING_VERSION = 1.0;
				PRODUCT_BUNDLE_IDENTIFIER = "NitishChawla.IOS101-PreworkTests";
				PRODUCT_NAME = "$(TARGET_NAME)";
				SWIFT_EMIT_LOC_STRINGS = NO;
				SWIFT_VERSION = 5.0;
				TARGETED_DEVICE_FAMILY = "1,2";
				TEST_HOST = "$(BUILT_PRODUCTS_DIR)/IOS101-Prework.app/$(BUNDLE_EXECUTABLE_FOLDER_PATH)/IOS101-Prework";
			};
			name = Debug;
		};
		3DC707C72B703D9F00948349 /* Release */ = {
			isa = XCBuildConfiguration;
			buildSettings = {
				ALWAYS_EMBED_SWIFT_STANDARD_LIBRARIES = YES;
				BUNDLE_LOADER = "$(TEST_HOST)";
				CODE_SIGN_STYLE = Automatic;
				CURRENT_PROJECT_VERSION = 1;
				DEVELOPMENT_TEAM = 4ZS839VYX9;
				GENERATE_INFOPLIST_FILE = YES;
				IPHONEOS_DEPLOYMENT_TARGET = 17.2;
				MARKETING_VERSION = 1.0;
				PRODUCT_BUNDLE_IDENTIFIER = "NitishChawla.IOS101-PreworkTests";
				PRODUCT_NAME = "$(TARGET_NAME)";
				SWIFT_EMIT_LOC_STRINGS = NO;
				SWIFT_VERSION = 5.0;
				TARGETED_DEVICE_FAMILY = "1,2";
				TEST_HOST = "$(BUILT_PRODUCTS_DIR)/IOS101-Prework.app/$(BUNDLE_EXECUTABLE_FOLDER_PATH)/IOS101-Prework";
			};
			name = Release;
		};
		3DC707C92B703D9F00948349 /* Debug */ = {
			isa = XCBuildConfiguration;
			buildSettings = {
				ALWAYS_EMBED_SWIFT_STANDARD_LIBRARIES = YES;
				CODE_SIGN_STYLE = Automatic;
				CURRENT_PROJECT_VERSION = 1;
				DEVELOPMENT_TEAM = 4ZS839VYX9;
				GENERATE_INFOPLIST_FILE = YES;
				MARKETING_VERSION = 1.0;
				PRODUCT_BUNDLE_IDENTIFIER = "NitishChawla.IOS101-PreworkUITests";
				PRODUCT_NAME = "$(TARGET_NAME)";
				SWIFT_EMIT_LOC_STRINGS = NO;
				SWIFT_VERSION = 5.0;
				TARGETED_DEVICE_FAMILY = "1,2";
				TEST_TARGET_NAME = "IOS101-Prework";
			};
			name = Debug;
		};
		3DC707CA2B703D9F00948349 /* Release */ = {
			isa = XCBuildConfiguration;
			buildSettings = {
				ALWAYS_EMBED_SWIFT_STANDARD_LIBRARIES = YES;
				CODE_SIGN_STYLE = Automatic;
				CURRENT_PROJECT_VERSION = 1;
				DEVELOPMENT_TEAM = 4ZS839VYX9;
				GENERATE_INFOPLIST_FILE = YES;
				MARKETING_VERSION = 1.0;
				PRODUCT_BUNDLE_IDENTIFIER = "NitishChawla.IOS101-PreworkUITests";
				PRODUCT_NAME = "$(TARGET_NAME)";
				SWIFT_EMIT_LOC_STRINGS = NO;
				SWIFT_VERSION = 5.0;
				TARGETED_DEVICE_FAMILY = "1,2";
				TEST_TARGET_NAME = "IOS101-Prework";
			};
			name = Release;
		};
/* End XCBuildConfiguration section */

/* Begin XCConfigurationList section */
		3DC707932B703D9D00948349 /* Build configuration list for PBXProject "IOS101-Prework" */ = {
			isa = XCConfigurationList;
			buildConfigurations = (
				3DC707C02B703D9F00948349 /* Debug */,
				3DC707C12B703D9F00948349 /* Release */,
			);
			defaultConfigurationIsVisible = 0;
			defaultConfigurationName = Release;
		};
		3DC707C22B703D9F00948349 /* Build configuration list for PBXNativeTarget "IOS101-Prework" */ = {
			isa = XCConfigurationList;
			buildConfigurations = (
				3DC707C32B703D9F00948349 /* Debug */,
				3DC707C42B703D9F00948349 /* Release */,
			);
			defaultConfigurationIsVisible = 0;
			defaultConfigurationName = Release;
		};
		3DC707C52B703D9F00948349 /* Build configuration list for PBXNativeTarget "IOS101-PreworkTests" */ = {
			isa = XCConfigurationList;
			buildConfigurations = (
				3DC707C62B703D9F00948349 /* Debug */,
				3DC707C72B703D9F00948349 /* Release */,
			);
			defaultConfigurationIsVisible = 0;
			defaultConfigurationName = Release;
		};
		3DC707C82B703D9F00948349 /* Build configuration list for PBXNativeTarget "IOS101-PreworkUITests" */ = {
			isa = XCConfigurationList;
			buildConfigurations = (
				3DC707C92B703D9F00948349 /* Debug */,
				3DC707CA2B703D9F00948349 /* Release */,
			);
			defaultConfigurationIsVisible = 0;
			defaultConfigurationName = Release;
		};
/* End XCConfigurationList section */
	};
	rootObject = 3DC707902B703D9D00948349 /* Project object */;
}
